// !$*UTF8*$!
{
	archiveVersion = 1;
	classes = {
	};
	objectVersion = 46;
	objects = {

/* Begin PBXBuildFile section */
		65382A181D94101300A7873D /* GameView.swift in Sources */ = {isa = PBXBuildFile; fileRef = 65382A171D94101300A7873D /* GameView.swift */; };
		6580047F1D8175E700E4294C /* arrow_left.png in Resources */ = {isa = PBXBuildFile; fileRef = 658004381D8175E700E4294C /* arrow_left.png */; };
		658004801D8175E700E4294C /* arrow_right.png in Resources */ = {isa = PBXBuildFile; fileRef = 658004391D8175E700E4294C /* arrow_right.png */; };
		658004811D8175E700E4294C /* bee_00000.png in Resources */ = {isa = PBXBuildFile; fileRef = 6580043A1D8175E700E4294C /* bee_00000.png */; };
		658004821D8175E700E4294C /* bee_00001.png in Resources */ = {isa = PBXBuildFile; fileRef = 6580043B1D8175E700E4294C /* bee_00001.png */; };
		658004831D8175E700E4294C /* bee_00002.png in Resources */ = {isa = PBXBuildFile; fileRef = 6580043C1D8175E700E4294C /* bee_00002.png */; };
		658004841D8175E700E4294C /* bee_00003.png in Resources */ = {isa = PBXBuildFile; fileRef = 6580043D1D8175E700E4294C /* bee_00003.png */; };
		658004851D8175E700E4294C /* bee_00004.png in Resources */ = {isa = PBXBuildFile; fileRef = 6580043E1D8175E700E4294C /* bee_00004.png */; };
		658004861D8175E700E4294C /* bee_00005.png in Resources */ = {isa = PBXBuildFile; fileRef = 6580043F1D8175E700E4294C /* bee_00005.png */; };
		658004871D8175E700E4294C /* bee_00006.png in Resources */ = {isa = PBXBuildFile; fileRef = 658004401D8175E700E4294C /* bee_00006.png */; };
		658004881D8175E700E4294C /* bee_00007.png in Resources */ = {isa = PBXBuildFile; fileRef = 658004411D8175E700E4294C /* bee_00007.png */; };
		658004891D8175E700E4294C /* bee_00008.png in Resources */ = {isa = PBXBuildFile; fileRef = 658004421D8175E700E4294C /* bee_00008.png */; };
		6580048A1D8175E700E4294C /* bee_00009.png in Resources */ = {isa = PBXBuildFile; fileRef = 658004431D8175E700E4294C /* bee_00009.png */; };
		6580048B1D8175E700E4294C /* bee_00010.png in Resources */ = {isa = PBXBuildFile; fileRef = 658004441D8175E700E4294C /* bee_00010.png */; };
		6580048C1D8175E700E4294C /* bee_00011.png in Resources */ = {isa = PBXBuildFile; fileRef = 658004451D8175E700E4294C /* bee_00011.png */; };
		6580048D1D8175E700E4294C /* bee_00012.png in Resources */ = {isa = PBXBuildFile; fileRef = 658004461D8175E700E4294C /* bee_00012.png */; };
		6580048E1D8175E700E4294C /* bee_00013.png in Resources */ = {isa = PBXBuildFile; fileRef = 658004471D8175E700E4294C /* bee_00013.png */; };
		6580048F1D8175E700E4294C /* bee_00014.png in Resources */ = {isa = PBXBuildFile; fileRef = 658004481D8175E700E4294C /* bee_00014.png */; };
		658004901D8175E700E4294C /* bee_00015.png in Resources */ = {isa = PBXBuildFile; fileRef = 658004491D8175E700E4294C /* bee_00015.png */; };
		658004911D8175E700E4294C /* bee_00016.png in Resources */ = {isa = PBXBuildFile; fileRef = 6580044A1D8175E700E4294C /* bee_00016.png */; };
		658004921D8175E700E4294C /* bee_00017.png in Resources */ = {isa = PBXBuildFile; fileRef = 6580044B1D8175E700E4294C /* bee_00017.png */; };
		658004931D8175E700E4294C /* bee_00018.png in Resources */ = {isa = PBXBuildFile; fileRef = 6580044C1D8175E700E4294C /* bee_00018.png */; };
		658004941D8175E700E4294C /* bee_00019.png in Resources */ = {isa = PBXBuildFile; fileRef = 6580044D1D8175E700E4294C /* bee_00019.png */; };
		658004951D8175E700E4294C /* bee_00020.png in Resources */ = {isa = PBXBuildFile; fileRef = 6580044E1D8175E700E4294C /* bee_00020.png */; };
		658004961D8175E700E4294C /* bee_00021.png in Resources */ = {isa = PBXBuildFile; fileRef = 6580044F1D8175E700E4294C /* bee_00021.png */; };
		658004971D8175E700E4294C /* bee_00022.png in Resources */ = {isa = PBXBuildFile; fileRef = 658004501D8175E700E4294C /* bee_00022.png */; };
		658004981D8175E700E4294C /* bee_00023.png in Resources */ = {isa = PBXBuildFile; fileRef = 658004511D8175E700E4294C /* bee_00023.png */; };
		658004991D8175E700E4294C /* bg.png in Resources */ = {isa = PBXBuildFile; fileRef = 658004521D8175E700E4294C /* bg.png */; };
		6580049A1D8175E700E4294C /* black_web.png in Resources */ = {isa = PBXBuildFile; fileRef = 658004531D8175E700E4294C /* black_web.png */; };
		6580049B1D8175E700E4294C /* controller.png in Resources */ = {isa = PBXBuildFile; fileRef = 658004541D8175E700E4294C /* controller.png */; };
		6580049C1D8175E700E4294C /* controller_filled.png in Resources */ = {isa = PBXBuildFile; fileRef = 658004551D8175E700E4294C /* controller_filled.png */; };
		6580049D1D8175E700E4294C /* grass.png in Resources */ = {isa = PBXBuildFile; fileRef = 658004561D8175E700E4294C /* grass.png */; };
		6580049E1D8175E700E4294C /* help.png in Resources */ = {isa = PBXBuildFile; fileRef = 658004571D8175E700E4294C /* help.png */; };
		6580049F1D8175E700E4294C /* help_screen.png in Resources */ = {isa = PBXBuildFile; fileRef = 658004581D8175E700E4294C /* help_screen.png */; };
		658004A01D8175E700E4294C /* leaderboard.png in Resources */ = {isa = PBXBuildFile; fileRef = 658004591D8175E700E4294C /* leaderboard.png */; };
		658004A11D8175E700E4294C /* mute_icon.png in Resources */ = {isa = PBXBuildFile; fileRef = 6580045A1D8175E700E4294C /* mute_icon.png */; };
		658004A21D8175E700E4294C /* play.png in Resources */ = {isa = PBXBuildFile; fileRef = 6580045B1D8175E700E4294C /* play.png */; };
		658004A31D8175E700E4294C /* player.png in Resources */ = {isa = PBXBuildFile; fileRef = 6580045C1D8175E700E4294C /* player.png */; };
		658004A41D8175E700E4294C /* rate.png in Resources */ = {isa = PBXBuildFile; fileRef = 6580045D1D8175E700E4294C /* rate.png */; };
		658004A51D8175E700E4294C /* replay.png in Resources */ = {isa = PBXBuildFile; fileRef = 6580045E1D8175E700E4294C /* replay.png */; };
		658004A61D8175E700E4294C /* share.png in Resources */ = {isa = PBXBuildFile; fileRef = 6580045F1D8175E700E4294C /* share.png */; };
		658004A71D8175E700E4294C /* spider_00000.png in Resources */ = {isa = PBXBuildFile; fileRef = 658004601D8175E700E4294C /* spider_00000.png */; };
		658004A81D8175E700E4294C /* spider_00001.png in Resources */ = {isa = PBXBuildFile; fileRef = 658004611D8175E700E4294C /* spider_00001.png */; };
		658004A91D8175E700E4294C /* spider_00002.png in Resources */ = {isa = PBXBuildFile; fileRef = 658004621D8175E700E4294C /* spider_00002.png */; };
		658004AA1D8175E700E4294C /* spider_00003.png in Resources */ = {isa = PBXBuildFile; fileRef = 658004631D8175E700E4294C /* spider_00003.png */; };
		658004AB1D8175E700E4294C /* spider_00004.png in Resources */ = {isa = PBXBuildFile; fileRef = 658004641D8175E700E4294C /* spider_00004.png */; };
		658004AC1D8175E700E4294C /* spider_00005.png in Resources */ = {isa = PBXBuildFile; fileRef = 658004651D8175E700E4294C /* spider_00005.png */; };
		658004AD1D8175E700E4294C /* spider_00006.png in Resources */ = {isa = PBXBuildFile; fileRef = 658004661D8175E700E4294C /* spider_00006.png */; };
		658004AE1D8175E700E4294C /* spider_00007.png in Resources */ = {isa = PBXBuildFile; fileRef = 658004671D8175E700E4294C /* spider_00007.png */; };
		658004AF1D8175E700E4294C /* spider_00008.png in Resources */ = {isa = PBXBuildFile; fileRef = 658004681D8175E700E4294C /* spider_00008.png */; };
		658004B01D8175E700E4294C /* spider_00009.png in Resources */ = {isa = PBXBuildFile; fileRef = 658004691D8175E700E4294C /* spider_00009.png */; };
		658004B11D8175E700E4294C /* spider_00010.png in Resources */ = {isa = PBXBuildFile; fileRef = 6580046A1D8175E700E4294C /* spider_00010.png */; };
		658004B21D8175E700E4294C /* spider_00011.png in Resources */ = {isa = PBXBuildFile; fileRef = 6580046B1D8175E700E4294C /* spider_00011.png */; };
		658004B31D8175E700E4294C /* spider_00012.png in Resources */ = {isa = PBXBuildFile; fileRef = 6580046C1D8175E700E4294C /* spider_00012.png */; };
		658004B41D8175E700E4294C /* spider_00013.png in Resources */ = {isa = PBXBuildFile; fileRef = 6580046D1D8175E700E4294C /* spider_00013.png */; };
		658004B51D8175E700E4294C /* spider_00014.png in Resources */ = {isa = PBXBuildFile; fileRef = 6580046E1D8175E700E4294C /* spider_00014.png */; };
		658004B61D8175E700E4294C /* spider_00015.png in Resources */ = {isa = PBXBuildFile; fileRef = 6580046F1D8175E700E4294C /* spider_00015.png */; };
		658004B71D8175E700E4294C /* spider_00016.png in Resources */ = {isa = PBXBuildFile; fileRef = 658004701D8175E700E4294C /* spider_00016.png */; };
		658004B81D8175E700E4294C /* spider_00017.png in Resources */ = {isa = PBXBuildFile; fileRef = 658004711D8175E700E4294C /* spider_00017.png */; };
		658004B91D8175E700E4294C /* spider_00018.png in Resources */ = {isa = PBXBuildFile; fileRef = 658004721D8175E700E4294C /* spider_00018.png */; };
		658004BA1D8175E700E4294C /* spider_00019.png in Resources */ = {isa = PBXBuildFile; fileRef = 658004731D8175E700E4294C /* spider_00019.png */; };
		658004BB1D8175E700E4294C /* spider_00020.png in Resources */ = {isa = PBXBuildFile; fileRef = 658004741D8175E700E4294C /* spider_00020.png */; };
		658004BC1D8175E700E4294C /* spider_00021.png in Resources */ = {isa = PBXBuildFile; fileRef = 658004751D8175E700E4294C /* spider_00021.png */; };
		658004BD1D8175E700E4294C /* spider_00022.png in Resources */ = {isa = PBXBuildFile; fileRef = 658004761D8175E700E4294C /* spider_00022.png */; };
		658004BE1D8175E700E4294C /* spider_00023.png in Resources */ = {isa = PBXBuildFile; fileRef = 658004771D8175E700E4294C /* spider_00023.png */; };
		658004BF1D8175E700E4294C /* spider_attack_logo.png in Resources */ = {isa = PBXBuildFile; fileRef = 658004781D8175E700E4294C /* spider_attack_logo.png */; };
		658004C01D8175E700E4294C /* spider_patch.9.png in Resources */ = {isa = PBXBuildFile; fileRef = 658004791D8175E700E4294C /* spider_patch.9.png */; };
		658004C11D8175E700E4294C /* splash_character.png in Resources */ = {isa = PBXBuildFile; fileRef = 6580047A1D8175E700E4294C /* splash_character.png */; };
		658004C21D8175E700E4294C /* thread.9.png in Resources */ = {isa = PBXBuildFile; fileRef = 6580047B1D8175E700E4294C /* thread.9.png */; };
		658004C31D8175E700E4294C /* thread_bit.png in Resources */ = {isa = PBXBuildFile; fileRef = 6580047C1D8175E700E4294C /* thread_bit.png */; };
		658004C41D8175E700E4294C /* unmute_icon.png in Resources */ = {isa = PBXBuildFile; fileRef = 6580047D1D8175E700E4294C /* unmute_icon.png */; };
		658004CC1D81763300E4294C /* creepycrawlers.ttf in Resources */ = {isa = PBXBuildFile; fileRef = 658004CB1D81763300E4294C /* creepycrawlers.ttf */; };
		658004CF1D81763D00E4294C /* chew.mp3 in Resources */ = {isa = PBXBuildFile; fileRef = 658004CD1D81763D00E4294C /* chew.mp3 */; };
		658004D01D81763D00E4294C /* sound_bg_short.mp3 in Resources */ = {isa = PBXBuildFile; fileRef = 658004CE1D81763D00E4294C /* sound_bg_short.mp3 */; };
		65BC75741D702E290074D97C /* AppDelegate.swift in Sources */ = {isa = PBXBuildFile; fileRef = 65BC75731D702E290074D97C /* AppDelegate.swift */; };
		65BC75781D702E290074D97C /* GameScene.swift in Sources */ = {isa = PBXBuildFile; fileRef = 65BC75771D702E290074D97C /* GameScene.swift */; };
		65BC757A1D702E290074D97C /* GameViewController.swift in Sources */ = {isa = PBXBuildFile; fileRef = 65BC75791D702E290074D97C /* GameViewController.swift */; };
		65BC757D1D702E290074D97C /* Main.storyboard in Resources */ = {isa = PBXBuildFile; fileRef = 65BC757B1D702E290074D97C /* Main.storyboard */; };
		65BC757F1D702E290074D97C /* Assets.xcassets in Resources */ = {isa = PBXBuildFile; fileRef = 65BC757E1D702E290074D97C /* Assets.xcassets */; };
		65BC75821D702E290074D97C /* LaunchScreen.storyboard in Resources */ = {isa = PBXBuildFile; fileRef = 65BC75801D702E290074D97C /* LaunchScreen.storyboard */; };
		65BC758D1D702E290074D97C /* SpiderAttackTests.swift in Sources */ = {isa = PBXBuildFile; fileRef = 65BC758C1D702E290074D97C /* SpiderAttackTests.swift */; };
		65BC759A1D776E770074D97C /* Constants.swift in Sources */ = {isa = PBXBuildFile; fileRef = 65BC75991D776E770074D97C /* Constants.swift */; };
		65BC759D1D78492E0074D97C /* Spider.swift in Sources */ = {isa = PBXBuildFile; fileRef = 65BC759C1D78492E0074D97C /* Spider.swift */; };
		65BC759F1D7849660074D97C /* Bee.swift in Sources */ = {isa = PBXBuildFile; fileRef = 65BC759E1D7849660074D97C /* Bee.swift */; };
		65BC76351D7D94DE0074D97C /* SplashViewController.swift in Sources */ = {isa = PBXBuildFile; fileRef = 65BC76341D7D94DE0074D97C /* SplashViewController.swift */; };
		65BC76371D7D9CE10074D97C /* HelpViewController.swift in Sources */ = {isa = PBXBuildFile; fileRef = 65BC76361D7D9CE10074D97C /* HelpViewController.swift */; };
		65BC763C1D8089330074D97C /* GameResult.swift in Sources */ = {isa = PBXBuildFile; fileRef = 65BC763B1D8089330074D97C /* GameResult.swift */; };
		65DE9C681D86A16C00DF52C6 /* GameState.swift in Sources */ = {isa = PBXBuildFile; fileRef = 65DE9C671D86A16C00DF52C6 /* GameState.swift */; };
		BB01E3802C18930F098D57AB /* Pods_SpiderAttack.framework in Frameworks */ = {isa = PBXBuildFile; fileRef = F4BFA28653190CBE84905388 /* Pods_SpiderAttack.framework */; };
		EFF25F7B3A0C5785CF89E467 /* Pods_SpiderAttackTests.framework in Frameworks */ = {isa = PBXBuildFile; fileRef = FAE1422F4C10EB350B8FD845 /* Pods_SpiderAttackTests.framework */; };
/* End PBXBuildFile section */

/* Begin PBXContainerItemProxy section */
		65BC75891D702E290074D97C /* PBXContainerItemProxy */ = {
			isa = PBXContainerItemProxy;
			containerPortal = 65BC75681D702E290074D97C /* Project object */;
			proxyType = 1;
			remoteGlobalIDString = 65BC756F1D702E290074D97C;
			remoteInfo = SpiderAttack;
		};
/* End PBXContainerItemProxy section */

/* Begin PBXFileReference section */
		2F95A82DB73E10EB8547AF4C /* Pods-SpiderAttack.debug.xcconfig */ = {isa = PBXFileReference; includeInIndex = 1; lastKnownFileType = text.xcconfig; name = "Pods-SpiderAttack.debug.xcconfig"; path = "Pods/Target Support Files/Pods-SpiderAttack/Pods-SpiderAttack.debug.xcconfig"; sourceTree = "<group>"; };
		65382A171D94101300A7873D /* GameView.swift */ = {isa = PBXFileReference; fileEncoding = 4; lastKnownFileType = sourcecode.swift; path = GameView.swift; sourceTree = "<group>"; };
		658004381D8175E700E4294C /* arrow_left.png */ = {isa = PBXFileReference; lastKnownFileType = image.png; path = arrow_left.png; sourceTree = "<group>"; };
		658004391D8175E700E4294C /* arrow_right.png */ = {isa = PBXFileReference; lastKnownFileType = image.png; path = arrow_right.png; sourceTree = "<group>"; };
		6580043A1D8175E700E4294C /* bee_00000.png */ = {isa = PBXFileReference; lastKnownFileType = image.png; path = bee_00000.png; sourceTree = "<group>"; };
		6580043B1D8175E700E4294C /* bee_00001.png */ = {isa = PBXFileReference; lastKnownFileType = image.png; path = bee_00001.png; sourceTree = "<group>"; };
		6580043C1D8175E700E4294C /* bee_00002.png */ = {isa = PBXFileReference; lastKnownFileType = image.png; path = bee_00002.png; sourceTree = "<group>"; };
		6580043D1D8175E700E4294C /* bee_00003.png */ = {isa = PBXFileReference; lastKnownFileType = image.png; path = bee_00003.png; sourceTree = "<group>"; };
		6580043E1D8175E700E4294C /* bee_00004.png */ = {isa = PBXFileReference; lastKnownFileType = image.png; path = bee_00004.png; sourceTree = "<group>"; };
		6580043F1D8175E700E4294C /* bee_00005.png */ = {isa = PBXFileReference; lastKnownFileType = image.png; path = bee_00005.png; sourceTree = "<group>"; };
		658004401D8175E700E4294C /* bee_00006.png */ = {isa = PBXFileReference; lastKnownFileType = image.png; path = bee_00006.png; sourceTree = "<group>"; };
		658004411D8175E700E4294C /* bee_00007.png */ = {isa = PBXFileReference; lastKnownFileType = image.png; path = bee_00007.png; sourceTree = "<group>"; };
		658004421D8175E700E4294C /* bee_00008.png */ = {isa = PBXFileReference; lastKnownFileType = image.png; path = bee_00008.png; sourceTree = "<group>"; };
		658004431D8175E700E4294C /* bee_00009.png */ = {isa = PBXFileReference; lastKnownFileType = image.png; path = bee_00009.png; sourceTree = "<group>"; };
		658004441D8175E700E4294C /* bee_00010.png */ = {isa = PBXFileReference; lastKnownFileType = image.png; path = bee_00010.png; sourceTree = "<group>"; };
		658004451D8175E700E4294C /* bee_00011.png */ = {isa = PBXFileReference; lastKnownFileType = image.png; path = bee_00011.png; sourceTree = "<group>"; };
		658004461D8175E700E4294C /* bee_00012.png */ = {isa = PBXFileReference; lastKnownFileType = image.png; path = bee_00012.png; sourceTree = "<group>"; };
		658004471D8175E700E4294C /* bee_00013.png */ = {isa = PBXFileReference; lastKnownFileType = image.png; path = bee_00013.png; sourceTree = "<group>"; };
		658004481D8175E700E4294C /* bee_00014.png */ = {isa = PBXFileReference; lastKnownFileType = image.png; path = bee_00014.png; sourceTree = "<group>"; };
		658004491D8175E700E4294C /* bee_00015.png */ = {isa = PBXFileReference; lastKnownFileType = image.png; path = bee_00015.png; sourceTree = "<group>"; };
		6580044A1D8175E700E4294C /* bee_00016.png */ = {isa = PBXFileReference; lastKnownFileType = image.png; path = bee_00016.png; sourceTree = "<group>"; };
		6580044B1D8175E700E4294C /* bee_00017.png */ = {isa = PBXFileReference; lastKnownFileType = image.png; path = bee_00017.png; sourceTree = "<group>"; };
		6580044C1D8175E700E4294C /* bee_00018.png */ = {isa = PBXFileReference; lastKnownFileType = image.png; path = bee_00018.png; sourceTree = "<group>"; };
		6580044D1D8175E700E4294C /* bee_00019.png */ = {isa = PBXFileReference; lastKnownFileType = image.png; path = bee_00019.png; sourceTree = "<group>"; };
		6580044E1D8175E700E4294C /* bee_00020.png */ = {isa = PBXFileReference; lastKnownFileType = image.png; path = bee_00020.png; sourceTree = "<group>"; };
		6580044F1D8175E700E4294C /* bee_00021.png */ = {isa = PBXFileReference; lastKnownFileType = image.png; path = bee_00021.png; sourceTree = "<group>"; };
		658004501D8175E700E4294C /* bee_00022.png */ = {isa = PBXFileReference; lastKnownFileType = image.png; path = bee_00022.png; sourceTree = "<group>"; };
		658004511D8175E700E4294C /* bee_00023.png */ = {isa = PBXFileReference; lastKnownFileType = image.png; path = bee_00023.png; sourceTree = "<group>"; };
		658004521D8175E700E4294C /* bg.png */ = {isa = PBXFileReference; lastKnownFileType = image.png; path = bg.png; sourceTree = "<group>"; };
		658004531D8175E700E4294C /* black_web.png */ = {isa = PBXFileReference; lastKnownFileType = image.png; path = black_web.png; sourceTree = "<group>"; };
		658004541D8175E700E4294C /* controller.png */ = {isa = PBXFileReference; lastKnownFileType = image.png; path = controller.png; sourceTree = "<group>"; };
		658004551D8175E700E4294C /* controller_filled.png */ = {isa = PBXFileReference; lastKnownFileType = image.png; path = controller_filled.png; sourceTree = "<group>"; };
		658004561D8175E700E4294C /* grass.png */ = {isa = PBXFileReference; lastKnownFileType = image.png; path = grass.png; sourceTree = "<group>"; };
		658004571D8175E700E4294C /* help.png */ = {isa = PBXFileReference; lastKnownFileType = image.png; path = help.png; sourceTree = "<group>"; };
		658004581D8175E700E4294C /* help_screen.png */ = {isa = PBXFileReference; lastKnownFileType = image.png; path = help_screen.png; sourceTree = "<group>"; };
		658004591D8175E700E4294C /* leaderboard.png */ = {isa = PBXFileReference; lastKnownFileType = image.png; path = leaderboard.png; sourceTree = "<group>"; };
		6580045A1D8175E700E4294C /* mute_icon.png */ = {isa = PBXFileReference; lastKnownFileType = image.png; path = mute_icon.png; sourceTree = "<group>"; };
		6580045B1D8175E700E4294C /* play.png */ = {isa = PBXFileReference; lastKnownFileType = image.png; path = play.png; sourceTree = "<group>"; };
		6580045C1D8175E700E4294C /* player.png */ = {isa = PBXFileReference; lastKnownFileType = image.png; path = player.png; sourceTree = "<group>"; };
		6580045D1D8175E700E4294C /* rate.png */ = {isa = PBXFileReference; lastKnownFileType = image.png; path = rate.png; sourceTree = "<group>"; };
		6580045E1D8175E700E4294C /* replay.png */ = {isa = PBXFileReference; lastKnownFileType = image.png; path = replay.png; sourceTree = "<group>"; };
		6580045F1D8175E700E4294C /* share.png */ = {isa = PBXFileReference; lastKnownFileType = image.png; path = share.png; sourceTree = "<group>"; };
		658004601D8175E700E4294C /* spider_00000.png */ = {isa = PBXFileReference; lastKnownFileType = image.png; path = spider_00000.png; sourceTree = "<group>"; };
		658004611D8175E700E4294C /* spider_00001.png */ = {isa = PBXFileReference; lastKnownFileType = image.png; path = spider_00001.png; sourceTree = "<group>"; };
		658004621D8175E700E4294C /* spider_00002.png */ = {isa = PBXFileReference; lastKnownFileType = image.png; path = spider_00002.png; sourceTree = "<group>"; };
		658004631D8175E700E4294C /* spider_00003.png */ = {isa = PBXFileReference; lastKnownFileType = image.png; path = spider_00003.png; sourceTree = "<group>"; };
		658004641D8175E700E4294C /* spider_00004.png */ = {isa = PBXFileReference; lastKnownFileType = image.png; path = spider_00004.png; sourceTree = "<group>"; };
		658004651D8175E700E4294C /* spider_00005.png */ = {isa = PBXFileReference; lastKnownFileType = image.png; path = spider_00005.png; sourceTree = "<group>"; };
		658004661D8175E700E4294C /* spider_00006.png */ = {isa = PBXFileReference; lastKnownFileType = image.png; path = spider_00006.png; sourceTree = "<group>"; };
		658004671D8175E700E4294C /* spider_00007.png */ = {isa = PBXFileReference; lastKnownFileType = image.png; path = spider_00007.png; sourceTree = "<group>"; };
		658004681D8175E700E4294C /* spider_00008.png */ = {isa = PBXFileReference; lastKnownFileType = image.png; path = spider_00008.png; sourceTree = "<group>"; };
		658004691D8175E700E4294C /* spider_00009.png */ = {isa = PBXFileReference; lastKnownFileType = image.png; path = spider_00009.png; sourceTree = "<group>"; };
		6580046A1D8175E700E4294C /* spider_00010.png */ = {isa = PBXFileReference; lastKnownFileType = image.png; path = spider_00010.png; sourceTree = "<group>"; };
		6580046B1D8175E700E4294C /* spider_00011.png */ = {isa = PBXFileReference; lastKnownFileType = image.png; path = spider_00011.png; sourceTree = "<group>"; };
		6580046C1D8175E700E4294C /* spider_00012.png */ = {isa = PBXFileReference; lastKnownFileType = image.png; path = spider_00012.png; sourceTree = "<group>"; };
		6580046D1D8175E700E4294C /* spider_00013.png */ = {isa = PBXFileReference; lastKnownFileType = image.png; path = spider_00013.png; sourceTree = "<group>"; };
		6580046E1D8175E700E4294C /* spider_00014.png */ = {isa = PBXFileReference; lastKnownFileType = image.png; path = spider_00014.png; sourceTree = "<group>"; };
		6580046F1D8175E700E4294C /* spider_00015.png */ = {isa = PBXFileReference; lastKnownFileType = image.png; path = spider_00015.png; sourceTree = "<group>"; };
		658004701D8175E700E4294C /* spider_00016.png */ = {isa = PBXFileReference; lastKnownFileType = image.png; path = spider_00016.png; sourceTree = "<group>"; };
		658004711D8175E700E4294C /* spider_00017.png */ = {isa = PBXFileReference; lastKnownFileType = image.png; path = spider_00017.png; sourceTree = "<group>"; };
		658004721D8175E700E4294C /* spider_00018.png */ = {isa = PBXFileReference; lastKnownFileType = image.png; path = spider_00018.png; sourceTree = "<group>"; };
		658004731D8175E700E4294C /* spider_00019.png */ = {isa = PBXFileReference; lastKnownFileType = image.png; path = spider_00019.png; sourceTree = "<group>"; };
		658004741D8175E700E4294C /* spider_00020.png */ = {isa = PBXFileReference; lastKnownFileType = image.png; path = spider_00020.png; sourceTree = "<group>"; };
		658004751D8175E700E4294C /* spider_00021.png */ = {isa = PBXFileReference; lastKnownFileType = image.png; path = spider_00021.png; sourceTree = "<group>"; };
		658004761D8175E700E4294C /* spider_00022.png */ = {isa = PBXFileReference; lastKnownFileType = image.png; path = spider_00022.png; sourceTree = "<group>"; };
		658004771D8175E700E4294C /* spider_00023.png */ = {isa = PBXFileReference; lastKnownFileType = image.png; path = spider_00023.png; sourceTree = "<group>"; };
		658004781D8175E700E4294C /* spider_attack_logo.png */ = {isa = PBXFileReference; lastKnownFileType = image.png; path = spider_attack_logo.png; sourceTree = "<group>"; };
		658004791D8175E700E4294C /* spider_patch.9.png */ = {isa = PBXFileReference; lastKnownFileType = image.png; path = spider_patch.9.png; sourceTree = "<group>"; };
		6580047A1D8175E700E4294C /* splash_character.png */ = {isa = PBXFileReference; lastKnownFileType = image.png; path = splash_character.png; sourceTree = "<group>"; };
		6580047B1D8175E700E4294C /* thread.9.png */ = {isa = PBXFileReference; lastKnownFileType = image.png; path = thread.9.png; sourceTree = "<group>"; };
		6580047C1D8175E700E4294C /* thread_bit.png */ = {isa = PBXFileReference; lastKnownFileType = image.png; path = thread_bit.png; sourceTree = "<group>"; };
		6580047D1D8175E700E4294C /* unmute_icon.png */ = {isa = PBXFileReference; lastKnownFileType = image.png; path = unmute_icon.png; sourceTree = "<group>"; };
		658004CB1D81763300E4294C /* creepycrawlers.ttf */ = {isa = PBXFileReference; lastKnownFileType = file; path = creepycrawlers.ttf; sourceTree = "<group>"; };
		658004CD1D81763D00E4294C /* chew.mp3 */ = {isa = PBXFileReference; lastKnownFileType = audio.mp3; path = chew.mp3; sourceTree = "<group>"; };
		658004CE1D81763D00E4294C /* sound_bg_short.mp3 */ = {isa = PBXFileReference; lastKnownFileType = audio.mp3; path = sound_bg_short.mp3; sourceTree = "<group>"; };
		65BC75701D702E290074D97C /* SpiderAttack.app */ = {isa = PBXFileReference; explicitFileType = wrapper.application; includeInIndex = 0; path = SpiderAttack.app; sourceTree = BUILT_PRODUCTS_DIR; };
		65BC75731D702E290074D97C /* AppDelegate.swift */ = {isa = PBXFileReference; lastKnownFileType = sourcecode.swift; path = AppDelegate.swift; sourceTree = "<group>"; };
		65BC75771D702E290074D97C /* GameScene.swift */ = {isa = PBXFileReference; lastKnownFileType = sourcecode.swift; path = GameScene.swift; sourceTree = "<group>"; };
		65BC75791D702E290074D97C /* GameViewController.swift */ = {isa = PBXFileReference; lastKnownFileType = sourcecode.swift; path = GameViewController.swift; sourceTree = "<group>"; };
		65BC757C1D702E290074D97C /* Base */ = {isa = PBXFileReference; lastKnownFileType = file.storyboard; name = Base; path = Base.lproj/Main.storyboard; sourceTree = "<group>"; };
		65BC757E1D702E290074D97C /* Assets.xcassets */ = {isa = PBXFileReference; lastKnownFileType = folder.assetcatalog; path = Assets.xcassets; sourceTree = "<group>"; };
		65BC75811D702E290074D97C /* Base */ = {isa = PBXFileReference; lastKnownFileType = file.storyboard; name = Base; path = Base.lproj/LaunchScreen.storyboard; sourceTree = "<group>"; };
		65BC75831D702E290074D97C /* Info.plist */ = {isa = PBXFileReference; lastKnownFileType = text.plist.xml; path = Info.plist; sourceTree = "<group>"; };
		65BC75881D702E290074D97C /* SpiderAttackTests.xctest */ = {isa = PBXFileReference; explicitFileType = wrapper.cfbundle; includeInIndex = 0; path = SpiderAttackTests.xctest; sourceTree = BUILT_PRODUCTS_DIR; };
		65BC758C1D702E290074D97C /* SpiderAttackTests.swift */ = {isa = PBXFileReference; lastKnownFileType = sourcecode.swift; path = SpiderAttackTests.swift; sourceTree = "<group>"; };
		65BC758E1D702E290074D97C /* Info.plist */ = {isa = PBXFileReference; lastKnownFileType = text.plist.xml; path = Info.plist; sourceTree = "<group>"; };
		65BC75991D776E770074D97C /* Constants.swift */ = {isa = PBXFileReference; fileEncoding = 4; lastKnownFileType = sourcecode.swift; path = Constants.swift; sourceTree = "<group>"; };
		65BC759C1D78492E0074D97C /* Spider.swift */ = {isa = PBXFileReference; fileEncoding = 4; lastKnownFileType = sourcecode.swift; path = Spider.swift; sourceTree = "<group>"; };
		65BC759E1D7849660074D97C /* Bee.swift */ = {isa = PBXFileReference; fileEncoding = 4; lastKnownFileType = sourcecode.swift; path = Bee.swift; sourceTree = "<group>"; };
		65BC76341D7D94DE0074D97C /* SplashViewController.swift */ = {isa = PBXFileReference; fileEncoding = 4; lastKnownFileType = sourcecode.swift; path = SplashViewController.swift; sourceTree = "<group>"; };
		65BC76361D7D9CE10074D97C /* HelpViewController.swift */ = {isa = PBXFileReference; fileEncoding = 4; lastKnownFileType = sourcecode.swift; path = HelpViewController.swift; sourceTree = "<group>"; };
		65BC763B1D8089330074D97C /* GameResult.swift */ = {isa = PBXFileReference; fileEncoding = 4; lastKnownFileType = sourcecode.swift; path = GameResult.swift; sourceTree = "<group>"; };
		65DE9C671D86A16C00DF52C6 /* GameState.swift */ = {isa = PBXFileReference; fileEncoding = 4; lastKnownFileType = sourcecode.swift; path = GameState.swift; sourceTree = "<group>"; };
		A226A23C4790A136B9CDFF00 /* Pods-SpiderAttackTests.release.xcconfig */ = {isa = PBXFileReference; includeInIndex = 1; lastKnownFileType = text.xcconfig; name = "Pods-SpiderAttackTests.release.xcconfig"; path = "Pods/Target Support Files/Pods-SpiderAttackTests/Pods-SpiderAttackTests.release.xcconfig"; sourceTree = "<group>"; };
		AD2F2BC0C97782F0140463B1 /* Pods-SpiderAttackTests.debug.xcconfig */ = {isa = PBXFileReference; includeInIndex = 1; lastKnownFileType = text.xcconfig; name = "Pods-SpiderAttackTests.debug.xcconfig"; path = "Pods/Target Support Files/Pods-SpiderAttackTests/Pods-SpiderAttackTests.debug.xcconfig"; sourceTree = "<group>"; };
		E2CCE624ADA60C9C4192B5CA /* Pods-SpiderAttack.release.xcconfig */ = {isa = PBXFileReference; includeInIndex = 1; lastKnownFileType = text.xcconfig; name = "Pods-SpiderAttack.release.xcconfig"; path = "Pods/Target Support Files/Pods-SpiderAttack/Pods-SpiderAttack.release.xcconfig"; sourceTree = "<group>"; };
		F4BFA28653190CBE84905388 /* Pods_SpiderAttack.framework */ = {isa = PBXFileReference; explicitFileType = wrapper.framework; includeInIndex = 0; path = Pods_SpiderAttack.framework; sourceTree = BUILT_PRODUCTS_DIR; };
		FAE1422F4C10EB350B8FD845 /* Pods_SpiderAttackTests.framework */ = {isa = PBXFileReference; explicitFileType = wrapper.framework; includeInIndex = 0; path = Pods_SpiderAttackTests.framework; sourceTree = BUILT_PRODUCTS_DIR; };
/* End PBXFileReference section */

/* Begin PBXFrameworksBuildPhase section */
		65BC756D1D702E290074D97C /* Frameworks */ = {
			isa = PBXFrameworksBuildPhase;
			buildActionMask = 2147483647;
			files = (
				BB01E3802C18930F098D57AB /* Pods_SpiderAttack.framework in Frameworks */,
			);
			runOnlyForDeploymentPostprocessing = 0;
		};
		65BC75851D702E290074D97C /* Frameworks */ = {
			isa = PBXFrameworksBuildPhase;
			buildActionMask = 2147483647;
			files = (
				EFF25F7B3A0C5785CF89E467 /* Pods_SpiderAttackTests.framework in Frameworks */,
			);
			runOnlyForDeploymentPostprocessing = 0;
		};
/* End PBXFrameworksBuildPhase section */

/* Begin PBXGroup section */
		658004031D81747400E4294C /* Support Files */ = {
			isa = PBXGroup;
			children = (
				658004361D8175E700E4294C /* Fonts */,
				658004371D8175E700E4294C /* Images */,
				6580047E1D8175E700E4294C /* Sounds */,
			);
			name = "Support Files";
			sourceTree = "<group>";
		};
		658004361D8175E700E4294C /* Fonts */ = {
			isa = PBXGroup;
			children = (
				658004CB1D81763300E4294C /* creepycrawlers.ttf */,
			);
			path = Fonts;
			sourceTree = "<group>";
		};
		658004371D8175E700E4294C /* Images */ = {
			isa = PBXGroup;
			children = (
				658004381D8175E700E4294C /* arrow_left.png */,
				658004391D8175E700E4294C /* arrow_right.png */,
				6580043A1D8175E700E4294C /* bee_00000.png */,
				6580043B1D8175E700E4294C /* bee_00001.png */,
				6580043C1D8175E700E4294C /* bee_00002.png */,
				6580043D1D8175E700E4294C /* bee_00003.png */,
				6580043E1D8175E700E4294C /* bee_00004.png */,
				6580043F1D8175E700E4294C /* bee_00005.png */,
				658004401D8175E700E4294C /* bee_00006.png */,
				658004411D8175E700E4294C /* bee_00007.png */,
				658004421D8175E700E4294C /* bee_00008.png */,
				658004431D8175E700E4294C /* bee_00009.png */,
				658004441D8175E700E4294C /* bee_00010.png */,
				658004451D8175E700E4294C /* bee_00011.png */,
				658004461D8175E700E4294C /* bee_00012.png */,
				658004471D8175E700E4294C /* bee_00013.png */,
				658004481D8175E700E4294C /* bee_00014.png */,
				658004491D8175E700E4294C /* bee_00015.png */,
				6580044A1D8175E700E4294C /* bee_00016.png */,
				6580044B1D8175E700E4294C /* bee_00017.png */,
				6580044C1D8175E700E4294C /* bee_00018.png */,
				6580044D1D8175E700E4294C /* bee_00019.png */,
				6580044E1D8175E700E4294C /* bee_00020.png */,
				6580044F1D8175E700E4294C /* bee_00021.png */,
				658004501D8175E700E4294C /* bee_00022.png */,
				658004511D8175E700E4294C /* bee_00023.png */,
				658004521D8175E700E4294C /* bg.png */,
				658004531D8175E700E4294C /* black_web.png */,
				658004541D8175E700E4294C /* controller.png */,
				658004551D8175E700E4294C /* controller_filled.png */,
				658004561D8175E700E4294C /* grass.png */,
				658004571D8175E700E4294C /* help.png */,
				658004581D8175E700E4294C /* help_screen.png */,
				658004591D8175E700E4294C /* leaderboard.png */,
				6580045A1D8175E700E4294C /* mute_icon.png */,
				6580045B1D8175E700E4294C /* play.png */,
				6580045C1D8175E700E4294C /* player.png */,
				6580045D1D8175E700E4294C /* rate.png */,
				6580045E1D8175E700E4294C /* replay.png */,
				6580045F1D8175E700E4294C /* share.png */,
				658004601D8175E700E4294C /* spider_00000.png */,
				658004611D8175E700E4294C /* spider_00001.png */,
				658004621D8175E700E4294C /* spider_00002.png */,
				658004631D8175E700E4294C /* spider_00003.png */,
				658004641D8175E700E4294C /* spider_00004.png */,
				658004651D8175E700E4294C /* spider_00005.png */,
				658004661D8175E700E4294C /* spider_00006.png */,
				658004671D8175E700E4294C /* spider_00007.png */,
				658004681D8175E700E4294C /* spider_00008.png */,
				658004691D8175E700E4294C /* spider_00009.png */,
				6580046A1D8175E700E4294C /* spider_00010.png */,
				6580046B1D8175E700E4294C /* spider_00011.png */,
				6580046C1D8175E700E4294C /* spider_00012.png */,
				6580046D1D8175E700E4294C /* spider_00013.png */,
				6580046E1D8175E700E4294C /* spider_00014.png */,
				6580046F1D8175E700E4294C /* spider_00015.png */,
				658004701D8175E700E4294C /* spider_00016.png */,
				658004711D8175E700E4294C /* spider_00017.png */,
				658004721D8175E700E4294C /* spider_00018.png */,
				658004731D8175E700E4294C /* spider_00019.png */,
				658004741D8175E700E4294C /* spider_00020.png */,
				658004751D8175E700E4294C /* spider_00021.png */,
				658004761D8175E700E4294C /* spider_00022.png */,
				658004771D8175E700E4294C /* spider_00023.png */,
				658004781D8175E700E4294C /* spider_attack_logo.png */,
				658004791D8175E700E4294C /* spider_patch.9.png */,
				6580047A1D8175E700E4294C /* splash_character.png */,
				6580047B1D8175E700E4294C /* thread.9.png */,
				6580047C1D8175E700E4294C /* thread_bit.png */,
				6580047D1D8175E700E4294C /* unmute_icon.png */,
			);
			path = Images;
			sourceTree = "<group>";
		};
		6580047E1D8175E700E4294C /* Sounds */ = {
			isa = PBXGroup;
			children = (
				658004CD1D81763D00E4294C /* chew.mp3 */,
				658004CE1D81763D00E4294C /* sound_bg_short.mp3 */,
			);
			path = Sounds;
			sourceTree = "<group>";
		};
		65BC75671D702E290074D97C = {
			isa = PBXGroup;
			children = (
				65BC75721D702E290074D97C /* SpiderAttack */,
				65BC758B1D702E290074D97C /* SpiderAttackTests */,
				65BC75711D702E290074D97C /* Products */,
				EB2E34A10699B78488997A45 /* Pods */,
				C6FF3CD7F8C2A6058D1BD2E6 /* Frameworks */,
			);
			sourceTree = "<group>";
		};
		65BC75711D702E290074D97C /* Products */ = {
			isa = PBXGroup;
			children = (
				65BC75701D702E290074D97C /* SpiderAttack.app */,
				65BC75881D702E290074D97C /* SpiderAttackTests.xctest */,
			);
			name = Products;
			sourceTree = "<group>";
		};
		65BC75721D702E290074D97C /* SpiderAttack */ = {
			isa = PBXGroup;
			children = (
				658004031D81747400E4294C /* Support Files */,
				65BC759B1D7848F40074D97C /* Model */,
				65BC75731D702E290074D97C /* AppDelegate.swift */,
				65BC75771D702E290074D97C /* GameScene.swift */,
				65BC75791D702E290074D97C /* GameViewController.swift */,
				65382A171D94101300A7873D /* GameView.swift */,
				65BC763B1D8089330074D97C /* GameResult.swift */,
				65DE9C671D86A16C00DF52C6 /* GameState.swift */,
				65BC757B1D702E290074D97C /* Main.storyboard */,
				65BC757E1D702E290074D97C /* Assets.xcassets */,
				65BC75801D702E290074D97C /* LaunchScreen.storyboard */,
				65BC75831D702E290074D97C /* Info.plist */,
				65BC75991D776E770074D97C /* Constants.swift */,
				65BC76341D7D94DE0074D97C /* SplashViewController.swift */,
				65BC76361D7D9CE10074D97C /* HelpViewController.swift */,
			);
			path = SpiderAttack;
			sourceTree = "<group>";
		};
		65BC758B1D702E290074D97C /* SpiderAttackTests */ = {
			isa = PBXGroup;
			children = (
				65BC758C1D702E290074D97C /* SpiderAttackTests.swift */,
				65BC758E1D702E290074D97C /* Info.plist */,
			);
			path = SpiderAttackTests;
			sourceTree = "<group>";
		};
		65BC759B1D7848F40074D97C /* Model */ = {
			isa = PBXGroup;
			children = (
				65BC759C1D78492E0074D97C /* Spider.swift */,
				65BC759E1D7849660074D97C /* Bee.swift */,
			);
			name = Model;
			sourceTree = "<group>";
		};
		C6FF3CD7F8C2A6058D1BD2E6 /* Frameworks */ = {
			isa = PBXGroup;
			children = (
				F4BFA28653190CBE84905388 /* Pods_SpiderAttack.framework */,
				FAE1422F4C10EB350B8FD845 /* Pods_SpiderAttackTests.framework */,
			);
			name = Frameworks;
			sourceTree = "<group>";
		};
		EB2E34A10699B78488997A45 /* Pods */ = {
			isa = PBXGroup;
			children = (
				2F95A82DB73E10EB8547AF4C /* Pods-SpiderAttack.debug.xcconfig */,
				E2CCE624ADA60C9C4192B5CA /* Pods-SpiderAttack.release.xcconfig */,
				AD2F2BC0C97782F0140463B1 /* Pods-SpiderAttackTests.debug.xcconfig */,
				A226A23C4790A136B9CDFF00 /* Pods-SpiderAttackTests.release.xcconfig */,
			);
			name = Pods;
			sourceTree = "<group>";
		};
/* End PBXGroup section */

/* Begin PBXNativeTarget section */
		65BC756F1D702E290074D97C /* SpiderAttack */ = {
			isa = PBXNativeTarget;
			buildConfigurationList = 65BC75911D702E290074D97C /* Build configuration list for PBXNativeTarget "SpiderAttack" */;
			buildPhases = (
				1B1E3A94C76248992E32C200 /* [CP] Check Pods Manifest.lock */,
				65BC756C1D702E290074D97C /* Sources */,
				65BC756D1D702E290074D97C /* Frameworks */,
				65BC756E1D702E290074D97C /* Resources */,
				4BA663CB478F49696148516F /* [CP] Embed Pods Frameworks */,
				4D36C71E5321CA24FB86BC92 /* [CP] Copy Pods Resources */,
			);
			buildRules = (
			);
			dependencies = (
			);
			name = SpiderAttack;
			productName = SpiderAttack;
			productReference = 65BC75701D702E290074D97C /* SpiderAttack.app */;
			productType = "com.apple.product-type.application";
		};
		65BC75871D702E290074D97C /* SpiderAttackTests */ = {
			isa = PBXNativeTarget;
			buildConfigurationList = 65BC75941D702E290074D97C /* Build configuration list for PBXNativeTarget "SpiderAttackTests" */;
			buildPhases = (
				8E843709867CE573C30F1CBF /* [CP] Check Pods Manifest.lock */,
				65BC75841D702E290074D97C /* Sources */,
				65BC75851D702E290074D97C /* Frameworks */,
				65BC75861D702E290074D97C /* Resources */,
				289F2663031BD67E519DB787 /* [CP] Embed Pods Frameworks */,
				08FDF9C002C6390EF8C6E739 /* [CP] Copy Pods Resources */,
			);
			buildRules = (
			);
			dependencies = (
				65BC758A1D702E290074D97C /* PBXTargetDependency */,
			);
			name = SpiderAttackTests;
			productName = SpiderAttackTests;
			productReference = 65BC75881D702E290074D97C /* SpiderAttackTests.xctest */;
			productType = "com.apple.product-type.bundle.unit-test";
		};
/* End PBXNativeTarget section */

/* Begin PBXProject section */
		65BC75681D702E290074D97C /* Project object */ = {
			isa = PBXProject;
			attributes = {
				LastSwiftUpdateCheck = 0730;
				LastUpgradeCheck = 0810;
				ORGANIZATIONNAME = "Bowstring Studio LLP";
				TargetAttributes = {
					65BC756F1D702E290074D97C = {
						CreatedOnToolsVersion = 7.3.1;
						DevelopmentTeam = G2N3RPRH8H;
						LastSwiftMigration = 0800;
					};
					65BC75871D702E290074D97C = {
						CreatedOnToolsVersion = 7.3.1;
						LastSwiftMigration = 0800;
						TestTargetID = 65BC756F1D702E290074D97C;
					};
				};
			};
			buildConfigurationList = 65BC756B1D702E290074D97C /* Build configuration list for PBXProject "SpiderAttack" */;
			compatibilityVersion = "Xcode 3.2";
			developmentRegion = English;
			hasScannedForEncodings = 0;
			knownRegions = (
				en,
				Base,
			);
			mainGroup = 65BC75671D702E290074D97C;
			productRefGroup = 65BC75711D702E290074D97C /* Products */;
			projectDirPath = "";
			projectRoot = "";
			targets = (
				65BC756F1D702E290074D97C /* SpiderAttack */,
				65BC75871D702E290074D97C /* SpiderAttackTests */,
			);
		};
/* End PBXProject section */

/* Begin PBXResourcesBuildPhase section */
		65BC756E1D702E290074D97C /* Resources */ = {
			isa = PBXResourcesBuildPhase;
			buildActionMask = 2147483647;
			files = (
				658004BA1D8175E700E4294C /* spider_00019.png in Resources */,
				658004A01D8175E700E4294C /* leaderboard.png in Resources */,
				658004881D8175E700E4294C /* bee_00007.png in Resources */,
				658004BF1D8175E700E4294C /* spider_attack_logo.png in Resources */,
				658004861D8175E700E4294C /* bee_00005.png in Resources */,
				658004911D8175E700E4294C /* bee_00016.png in Resources */,
				658004B21D8175E700E4294C /* spider_00011.png in Resources */,
				658004B01D8175E700E4294C /* spider_00009.png in Resources */,
				658004A51D8175E700E4294C /* replay.png in Resources */,
				658004AF1D8175E700E4294C /* spider_00008.png in Resources */,
				658004BD1D8175E700E4294C /* spider_00022.png in Resources */,
				658004CF1D81763D00E4294C /* chew.mp3 in Resources */,
				658004C41D8175E700E4294C /* unmute_icon.png in Resources */,
				658004B91D8175E700E4294C /* spider_00018.png in Resources */,
				65BC75821D702E290074D97C /* LaunchScreen.storyboard in Resources */,
				658004921D8175E700E4294C /* bee_00017.png in Resources */,
				6580049B1D8175E700E4294C /* controller.png in Resources */,
				658004A11D8175E700E4294C /* mute_icon.png in Resources */,
				658004B41D8175E700E4294C /* spider_00013.png in Resources */,
				658004AA1D8175E700E4294C /* spider_00003.png in Resources */,
				658004A81D8175E700E4294C /* spider_00001.png in Resources */,
				658004B61D8175E700E4294C /* spider_00015.png in Resources */,
				6580049E1D8175E700E4294C /* help.png in Resources */,
				658004891D8175E700E4294C /* bee_00008.png in Resources */,
				658004CC1D81763300E4294C /* creepycrawlers.ttf in Resources */,
				658004801D8175E700E4294C /* arrow_right.png in Resources */,
				658004A21D8175E700E4294C /* play.png in Resources */,
				65BC757F1D702E290074D97C /* Assets.xcassets in Resources */,
				658004B11D8175E700E4294C /* spider_00010.png in Resources */,
				658004A91D8175E700E4294C /* spider_00002.png in Resources */,
				658004821D8175E700E4294C /* bee_00001.png in Resources */,
				658004B71D8175E700E4294C /* spider_00016.png in Resources */,
				658004BB1D8175E700E4294C /* spider_00020.png in Resources */,
				658004A41D8175E700E4294C /* rate.png in Resources */,
				658004C31D8175E700E4294C /* thread_bit.png in Resources */,
				658004B81D8175E700E4294C /* spider_00017.png in Resources */,
				658004C01D8175E700E4294C /* spider_patch.9.png in Resources */,
				658004811D8175E700E4294C /* bee_00000.png in Resources */,
				658004831D8175E700E4294C /* bee_00002.png in Resources */,
				658004A61D8175E700E4294C /* share.png in Resources */,
				6580049D1D8175E700E4294C /* grass.png in Resources */,
				658004841D8175E700E4294C /* bee_00003.png in Resources */,
				658004B31D8175E700E4294C /* spider_00012.png in Resources */,
				658004A71D8175E700E4294C /* spider_00000.png in Resources */,
				658004931D8175E700E4294C /* bee_00018.png in Resources */,
				658004851D8175E700E4294C /* bee_00004.png in Resources */,
				658004C21D8175E700E4294C /* thread.9.png in Resources */,
				658004871D8175E700E4294C /* bee_00006.png in Resources */,
				6580049A1D8175E700E4294C /* black_web.png in Resources */,
				6580048F1D8175E700E4294C /* bee_00014.png in Resources */,
				6580048D1D8175E700E4294C /* bee_00012.png in Resources */,
				6580048C1D8175E700E4294C /* bee_00011.png in Resources */,
				658004BC1D8175E700E4294C /* spider_00021.png in Resources */,
				658004961D8175E700E4294C /* bee_00021.png in Resources */,
				658004AC1D8175E700E4294C /* spider_00005.png in Resources */,
				658004B51D8175E700E4294C /* spider_00014.png in Resources */,
				658004A31D8175E700E4294C /* player.png in Resources */,
				658004971D8175E700E4294C /* bee_00022.png in Resources */,
				658004991D8175E700E4294C /* bg.png in Resources */,
				6580048B1D8175E700E4294C /* bee_00010.png in Resources */,
				6580049F1D8175E700E4294C /* help_screen.png in Resources */,
				658004AD1D8175E700E4294C /* spider_00006.png in Resources */,
				658004951D8175E700E4294C /* bee_00020.png in Resources */,
				6580049C1D8175E700E4294C /* controller_filled.png in Resources */,
				658004D01D81763D00E4294C /* sound_bg_short.mp3 in Resources */,
				658004AE1D8175E700E4294C /* spider_00007.png in Resources */,
				6580048A1D8175E700E4294C /* bee_00009.png in Resources */,
				6580047F1D8175E700E4294C /* arrow_left.png in Resources */,
				658004C11D8175E700E4294C /* splash_character.png in Resources */,
				658004981D8175E700E4294C /* bee_00023.png in Resources */,
				658004BE1D8175E700E4294C /* spider_00023.png in Resources */,
				658004901D8175E700E4294C /* bee_00015.png in Resources */,
				658004941D8175E700E4294C /* bee_00019.png in Resources */,
				658004AB1D8175E700E4294C /* spider_00004.png in Resources */,
				6580048E1D8175E700E4294C /* bee_00013.png in Resources */,
				65BC757D1D702E290074D97C /* Main.storyboard in Resources */,
			);
			runOnlyForDeploymentPostprocessing = 0;
		};
		65BC75861D702E290074D97C /* Resources */ = {
			isa = PBXResourcesBuildPhase;
			buildActionMask = 2147483647;
			files = (
			);
			runOnlyForDeploymentPostprocessing = 0;
		};
/* End PBXResourcesBuildPhase section */

/* Begin PBXShellScriptBuildPhase section */
		08FDF9C002C6390EF8C6E739 /* [CP] Copy Pods Resources */ = {
			isa = PBXShellScriptBuildPhase;
			buildActionMask = 2147483647;
			files = (
			);
			inputPaths = (
			);
			name = "[CP] Copy Pods Resources";
			outputPaths = (
			);
			runOnlyForDeploymentPostprocessing = 0;
			shellPath = /bin/sh;
			shellScript = "\"${SRCROOT}/Pods/Target Support Files/Pods-SpiderAttackTests/Pods-SpiderAttackTests-resources.sh\"\n";
			showEnvVarsInLog = 0;
		};
		1B1E3A94C76248992E32C200 /* [CP] Check Pods Manifest.lock */ = {
			isa = PBXShellScriptBuildPhase;
			buildActionMask = 2147483647;
			files = (
			);
			inputPaths = (
			);
			name = "[CP] Check Pods Manifest.lock";
			outputPaths = (
			);
			runOnlyForDeploymentPostprocessing = 0;
			shellPath = /bin/sh;
			shellScript = "diff \"${PODS_ROOT}/../Podfile.lock\" \"${PODS_ROOT}/Manifest.lock\" > /dev/null\nif [[ $? != 0 ]] ; then\n    cat << EOM\nerror: The sandbox is not in sync with the Podfile.lock. Run 'pod install' or update your CocoaPods installation.\nEOM\n    exit 1\nfi\n";
			showEnvVarsInLog = 0;
		};
		289F2663031BD67E519DB787 /* [CP] Embed Pods Frameworks */ = {
			isa = PBXShellScriptBuildPhase;
			buildActionMask = 2147483647;
			files = (
			);
			inputPaths = (
			);
			name = "[CP] Embed Pods Frameworks";
			outputPaths = (
			);
			runOnlyForDeploymentPostprocessing = 0;
			shellPath = /bin/sh;
			shellScript = "\"${SRCROOT}/Pods/Target Support Files/Pods-SpiderAttackTests/Pods-SpiderAttackTests-frameworks.sh\"\n";
			showEnvVarsInLog = 0;
		};
		4BA663CB478F49696148516F /* [CP] Embed Pods Frameworks */ = {
			isa = PBXShellScriptBuildPhase;
			buildActionMask = 2147483647;
			files = (
			);
			inputPaths = (
			);
			name = "[CP] Embed Pods Frameworks";
			outputPaths = (
			);
			runOnlyForDeploymentPostprocessing = 0;
			shellPath = /bin/sh;
			shellScript = "\"${SRCROOT}/Pods/Target Support Files/Pods-SpiderAttack/Pods-SpiderAttack-frameworks.sh\"\n";
			showEnvVarsInLog = 0;
		};
		4D36C71E5321CA24FB86BC92 /* [CP] Copy Pods Resources */ = {
			isa = PBXShellScriptBuildPhase;
			buildActionMask = 2147483647;
			files = (
			);
			inputPaths = (
			);
			name = "[CP] Copy Pods Resources";
			outputPaths = (
			);
			runOnlyForDeploymentPostprocessing = 0;
			shellPath = /bin/sh;
			shellScript = "\"${SRCROOT}/Pods/Target Support Files/Pods-SpiderAttack/Pods-SpiderAttack-resources.sh\"\n";
			showEnvVarsInLog = 0;
		};
		8E843709867CE573C30F1CBF /* [CP] Check Pods Manifest.lock */ = {
			isa = PBXShellScriptBuildPhase;
			buildActionMask = 2147483647;
			files = (
			);
			inputPaths = (
			);
			name = "[CP] Check Pods Manifest.lock";
			outputPaths = (
			);
			runOnlyForDeploymentPostprocessing = 0;
			shellPath = /bin/sh;
			shellScript = "diff \"${PODS_ROOT}/../Podfile.lock\" \"${PODS_ROOT}/Manifest.lock\" > /dev/null\nif [[ $? != 0 ]] ; then\n    cat << EOM\nerror: The sandbox is not in sync with the Podfile.lock. Run 'pod install' or update your CocoaPods installation.\nEOM\n    exit 1\nfi\n";
			showEnvVarsInLog = 0;
		};
/* End PBXShellScriptBuildPhase section */

/* Begin PBXSourcesBuildPhase section */
		65BC756C1D702E290074D97C /* Sources */ = {
			isa = PBXSourcesBuildPhase;
			buildActionMask = 2147483647;
			files = (
				65BC759D1D78492E0074D97C /* Spider.swift in Sources */,
				65BC75781D702E290074D97C /* GameScene.swift in Sources */,
				65BC757A1D702E290074D97C /* GameViewController.swift in Sources */,
				65BC76371D7D9CE10074D97C /* HelpViewController.swift in Sources */,
				65BC75741D702E290074D97C /* AppDelegate.swift in Sources */,
				65382A181D94101300A7873D /* GameView.swift in Sources */,
				65BC759F1D7849660074D97C /* Bee.swift in Sources */,
				65BC76351D7D94DE0074D97C /* SplashViewController.swift in Sources */,
				65DE9C681D86A16C00DF52C6 /* GameState.swift in Sources */,
				65BC759A1D776E770074D97C /* Constants.swift in Sources */,
				65BC763C1D8089330074D97C /* GameResult.swift in Sources */,
			);
			runOnlyForDeploymentPostprocessing = 0;
		};
		65BC75841D702E290074D97C /* Sources */ = {
			isa = PBXSourcesBuildPhase;
			buildActionMask = 2147483647;
			files = (
				65BC758D1D702E290074D97C /* SpiderAttackTests.swift in Sources */,
			);
			runOnlyForDeploymentPostprocessing = 0;
		};
/* End PBXSourcesBuildPhase section */

/* Begin PBXTargetDependency section */
		65BC758A1D702E290074D97C /* PBXTargetDependency */ = {
			isa = PBXTargetDependency;
			target = 65BC756F1D702E290074D97C /* SpiderAttack */;
			targetProxy = 65BC75891D702E290074D97C /* PBXContainerItemProxy */;
		};
/* End PBXTargetDependency section */

/* Begin PBXVariantGroup section */
		65BC757B1D702E290074D97C /* Main.storyboard */ = {
			isa = PBXVariantGroup;
			children = (
				65BC757C1D702E290074D97C /* Base */,
			);
			name = Main.storyboard;
			sourceTree = "<group>";
		};
		65BC75801D702E290074D97C /* LaunchScreen.storyboard */ = {
			isa = PBXVariantGroup;
			children = (
				65BC75811D702E290074D97C /* Base */,
			);
			name = LaunchScreen.storyboard;
			sourceTree = "<group>";
		};
/* End PBXVariantGroup section */

/* Begin XCBuildConfiguration section */
		65BC758F1D702E290074D97C /* Debug */ = {
			isa = XCBuildConfiguration;
			buildSettings = {
				ALWAYS_SEARCH_USER_PATHS = NO;
				CLANG_ANALYZER_NONNULL = YES;
				CLANG_CXX_LANGUAGE_STANDARD = "gnu++0x";
				CLANG_CXX_LIBRARY = "libc++";
				CLANG_ENABLE_MODULES = YES;
				CLANG_ENABLE_OBJC_ARC = YES;
				CLANG_WARN_BOOL_CONVERSION = YES;
				CLANG_WARN_CONSTANT_CONVERSION = YES;
				CLANG_WARN_DIRECT_OBJC_ISA_USAGE = YES_ERROR;
				CLANG_WARN_EMPTY_BODY = YES;
				CLANG_WARN_ENUM_CONVERSION = YES;
				CLANG_WARN_INFINITE_RECURSION = YES;
				CLANG_WARN_INT_CONVERSION = YES;
				CLANG_WARN_OBJC_ROOT_CLASS = YES_ERROR;
				CLANG_WARN_SUSPICIOUS_MOVE = YES;
				CLANG_WARN_UNREACHABLE_CODE = YES;
				CLANG_WARN__DUPLICATE_METHOD_MATCH = YES;
				"CODE_SIGN_IDENTITY[sdk=iphoneos*]" = "iPhone Developer";
				COPY_PHASE_STRIP = NO;
				DEBUG_INFORMATION_FORMAT = "dwarf-with-dsym";
				ENABLE_STRICT_OBJC_MSGSEND = YES;
				ENABLE_TESTABILITY = YES;
				GCC_C_LANGUAGE_STANDARD = gnu99;
				GCC_DYNAMIC_NO_PIC = NO;
				GCC_NO_COMMON_BLOCKS = YES;
				GCC_OPTIMIZATION_LEVEL = 0;
				GCC_PREPROCESSOR_DEFINITIONS = (
					"DEBUG=1",
					"$(inherited)",
				);
				GCC_WARN_64_TO_32_BIT_CONVERSION = YES;
				GCC_WARN_ABOUT_RETURN_TYPE = YES_ERROR;
				GCC_WARN_UNDECLARED_SELECTOR = YES;
				GCC_WARN_UNINITIALIZED_AUTOS = YES_AGGRESSIVE;
				GCC_WARN_UNUSED_FUNCTION = YES;
				GCC_WARN_UNUSED_VARIABLE = YES;
				IPHONEOS_DEPLOYMENT_TARGET = 9.3;
				MTL_ENABLE_DEBUG_INFO = YES;
				ONLY_ACTIVE_ARCH = YES;
				SDKROOT = iphoneos;
				SWIFT_OPTIMIZATION_LEVEL = "-Onone";
				TARGETED_DEVICE_FAMILY = "1,2";
			};
			name = Debug;
		};
		65BC75901D702E290074D97C /* Release */ = {
			isa = XCBuildConfiguration;
			buildSettings = {
				ALWAYS_SEARCH_USER_PATHS = NO;
				CLANG_ANALYZER_NONNULL = YES;
				CLANG_CXX_LANGUAGE_STANDARD = "gnu++0x";
				CLANG_CXX_LIBRARY = "libc++";
				CLANG_ENABLE_MODULES = YES;
				CLANG_ENABLE_OBJC_ARC = YES;
				CLANG_WARN_BOOL_CONVERSION = YES;
				CLANG_WARN_CONSTANT_CONVERSION = YES;
				CLANG_WARN_DIRECT_OBJC_ISA_USAGE = YES_ERROR;
				CLANG_WARN_EMPTY_BODY = YES;
				CLANG_WARN_ENUM_CONVERSION = YES;
				CLANG_WARN_INFINITE_RECURSION = YES;
				CLANG_WARN_INT_CONVERSION = YES;
				CLANG_WARN_OBJC_ROOT_CLASS = YES_ERROR;
				CLANG_WARN_SUSPICIOUS_MOVE = YES;
				CLANG_WARN_UNREACHABLE_CODE = YES;
				CLANG_WARN__DUPLICATE_METHOD_MATCH = YES;
				"CODE_SIGN_IDENTITY[sdk=iphoneos*]" = "iPhone Developer";
				COPY_PHASE_STRIP = NO;
				DEBUG_INFORMATION_FORMAT = "dwarf-with-dsym";
				ENABLE_NS_ASSERTIONS = NO;
				ENABLE_STRICT_OBJC_MSGSEND = YES;
				GCC_C_LANGUAGE_STANDARD = gnu99;
				GCC_NO_COMMON_BLOCKS = YES;
				GCC_WARN_64_TO_32_BIT_CONVERSION = YES;
				GCC_WARN_ABOUT_RETURN_TYPE = YES_ERROR;
				GCC_WARN_UNDECLARED_SELECTOR = YES;
				GCC_WARN_UNINITIALIZED_AUTOS = YES_AGGRESSIVE;
				GCC_WARN_UNUSED_FUNCTION = YES;
				GCC_WARN_UNUSED_VARIABLE = YES;
				IPHONEOS_DEPLOYMENT_TARGET = 9.3;
				MTL_ENABLE_DEBUG_INFO = NO;
				SDKROOT = iphoneos;
				SWIFT_OPTIMIZATION_LEVEL = "-Owholemodule";
				TARGETED_DEVICE_FAMILY = "1,2";
				VALIDATE_PRODUCT = YES;
			};
			name = Release;
		};
		65BC75921D702E290074D97C /* Debug */ = {
			isa = XCBuildConfiguration;
			baseConfigurationReference = 2F95A82DB73E10EB8547AF4C /* Pods-SpiderAttack.debug.xcconfig */;
			buildSettings = {
				ASSETCATALOG_COMPILER_APPICON_NAME = AppIcon;
				CODE_SIGN_IDENTITY = "iPhone Developer";
				DEVELOPMENT_TEAM = G2N3RPRH8H;
				ENABLE_BITCODE = NO;
				INFOPLIST_FILE = SpiderAttack/Info.plist;
				IPHONEOS_DEPLOYMENT_TARGET = 10.0;
				LD_RUNPATH_SEARCH_PATHS = "$(inherited) @executable_path/Frameworks";
				PRODUCT_BUNDLE_IDENTIFIER = com.bowstringllp.SpiderAttack;
				PRODUCT_NAME = "$(TARGET_NAME)";
				SWIFT_VERSION = 3.0;
			};
			name = Debug;
		};
		65BC75931D702E290074D97C /* Release */ = {
			isa = XCBuildConfiguration;
			baseConfigurationReference = E2CCE624ADA60C9C4192B5CA /* Pods-SpiderAttack.release.xcconfig */;
			buildSettings = {
				ASSETCATALOG_COMPILER_APPICON_NAME = AppIcon;
				CODE_SIGN_IDENTITY = "iPhone Developer";
				DEVELOPMENT_TEAM = G2N3RPRH8H;
				ENABLE_BITCODE = NO;
				INFOPLIST_FILE = SpiderAttack/Info.plist;
				IPHONEOS_DEPLOYMENT_TARGET = 10.0;
				LD_RUNPATH_SEARCH_PATHS = "$(inherited) @executable_path/Frameworks";
				PRODUCT_BUNDLE_IDENTIFIER = com.bowstringllp.SpiderAttack;
				PRODUCT_NAME = "$(TARGET_NAME)";
				SWIFT_VERSION = 3.0;
			};
			name = Release;
		};
		65BC75951D702E290074D97C /* Debug */ = {
			isa = XCBuildConfiguration;
			baseConfigurationReference = AD2F2BC0C97782F0140463B1 /* Pods-SpiderAttackTests.debug.xcconfig */;
			buildSettings = {
				BUNDLE_LOADER = "$(TEST_HOST)";
				DEBUG_INFORMATION_FORMAT = dwarf;
				INFOPLIST_FILE = SpiderAttackTests/Info.plist;
				LD_RUNPATH_SEARCH_PATHS = "$(inherited) @executable_path/Frameworks @loader_path/Frameworks";
				PRODUCT_BUNDLE_IDENTIFIER = com.bowstringllp.SpiderAttackTests;
				PRODUCT_NAME = "$(TARGET_NAME)";
				SWIFT_VERSION = 3.0;
				TEST_HOST = "$(BUILT_PRODUCTS_DIR)/SpiderAttack.app/SpiderAttack";
			};
			name = Debug;
		};
		65BC75961D702E290074D97C /* Release */ = {
			isa = XCBuildConfiguration;
			baseConfigurationReference = A226A23C4790A136B9CDFF00 /* Pods-SpiderAttackTests.release.xcconfig */;
			buildSettings = {
				BUNDLE_LOADER = "$(TEST_HOST)";
				INFOPLIST_FILE = SpiderAttackTests/Info.plist;
				LD_RUNPATH_SEARCH_PATHS = "$(inherited) @executable_path/Frameworks @loader_path/Frameworks";
				PRODUCT_BUNDLE_IDENTIFIER = com.bowstringllp.SpiderAttackTests;
				PRODUCT_NAME = "$(TARGET_NAME)";
				SWIFT_VERSION = 3.0;
				TEST_HOST = "$(BUILT_PRODUCTS_DIR)/SpiderAttack.app/SpiderAttack";
			};
			name = Release;
		};
/* End XCBuildConfiguration section */

/* Begin XCConfigurationList section */
		65BC756B1D702E290074D97C /* Build configuration list for PBXProject "SpiderAttack" */ = {
			isa = XCConfigurationList;
			buildConfigurations = (
				65BC758F1D702E290074D97C /* Debug */,
				65BC75901D702E290074D97C /* Release */,
			);
			defaultConfigurationIsVisible = 0;
			defaultConfigurationName = Release;
		};
		65BC75911D702E290074D97C /* Build configuration list for PBXNativeTarget "SpiderAttack" */ = {
			isa = XCConfigurationList;
			buildConfigurations = (
				65BC75921D702E290074D97C /* Debug */,
				65BC75931D702E290074D97C /* Release */,
			);
			defaultConfigurationIsVisible = 0;
			defaultConfigurationName = Release;
		};
		65BC75941D702E290074D97C /* Build configuration list for PBXNativeTarget "SpiderAttackTests" */ = {
			isa = XCConfigurationList;
			buildConfigurations = (
				65BC75951D702E290074D97C /* Debug */,
				65BC75961D702E290074D97C /* Release */,
			);
			defaultConfigurationIsVisible = 0;
			defaultConfigurationName = Release;
		};
/* End XCConfigurationList section */
	};
	rootObject = 65BC75681D702E290074D97C /* Project object */;
}
